{
  "name": "@xmemo/client",
  "version": "0.4.176",
  "lockfileVersion": 3,
  "requires": true,
  "packages": {
    "": {
      "name": "@xmemo/client",
      "version": "0.4.176",
      "license": "MIT",
      "bin": {
        "client": "bin/mcp-stdio.js",
        "memory-os": "bin/memory-os.js",
        "xmemo": "bin/memory-os.js",
        "xmemo-mcp": "bin/mcp-stdio.js"
      },
      "engines": {
        "node": ">=20.0.0"
      }
    }
  }
}
